
Microsoft Visual Studio Solution File, Format Version 12.00
# Visual Studio Version 17
VisualStudioVersion = 17.12.35707.178
MinimumVisualStudioVersion = 10.0.40219.1
Project("{FAE04EC0-301F-11D3-BF4B-00C04F79EFBC}") = "RealEstate.Presentation", "RealEstate.Presentation\RealEstate.Presentation.csproj", "{6AF7E8F7-EBF4-4473-8544-65A8F3BBA10E}"
EndProject
Project("{FAE04EC0-301F-11D3-BF4B-00C04F79EFBC}") = "RealEstate.BLL", "RealEstate.BLL\RealEstate.BLL.csproj", "{7B3AC69A-B371-45EC-A7C5-78DD8EA091B9}"
EndProject
Project("{FAE04EC0-301F-11D3-BF4B-00C04F79EFBC}") = "RealEstate.DAL", "RealEstate.DAL\RealEstate.DAL.csproj", "{3EBB541F-9E35-49E7-B721-462504B748E1}"
EndProject
Project("{FAE04EC0-301F-11D3-BF4B-00C04F79EFBC}") = "RealEstate.Domain", "RealEstate.Domain\RealEstate.Domain.csproj", "{E2729A00-AAEA-407E-B6B6-548692760C41}"
EndProject
Project("{FAE04EC0-301F-11D3-BF4B-00C04F79EFBC}") = "RealEstate.BLLTests", "RealEstate.BLLTests\RealEstate.BLLTests.csproj", "{28305E4E-A927-4530-81FD-C0C100DF0F0D}"
EndProject
Project("{FAE04EC0-301F-11D3-BF4B-00C04F79EFBC}") = "RealEstate.API.IntegrationTests", "RealEstate.API.IntegrationTests\RealEstate.API.IntegrationTests.csproj", "{B9375805-25EA-4876-A0B0-A78FAAA68F0D}"
EndProject
Global
	GlobalSection(SolutionConfigurationPlatforms) = preSolution
		Debug|Any CPU = Debug|Any CPU
		Release|Any CPU = Release|Any CPU
	EndGlobalSection
	GlobalSection(ProjectConfigurationPlatforms) = postSolution
		{6AF7E8F7-EBF4-4473-8544-65A8F3BBA10E}.Debug|Any CPU.ActiveCfg = Debug|Any CPU
		{6AF7E8F7-EBF4-4473-8544-65A8F3BBA10E}.Debug|Any CPU.Build.0 = Debug|Any CPU
		{6AF7E8F7-EBF4-4473-8544-65A8F3BBA10E}.Release|Any CPU.ActiveCfg = Release|Any CPU
		{6AF7E8F7-EBF4-4473-8544-65A8F3BBA10E}.Release|Any CPU.Build.0 = Release|Any CPU
		{7B3AC69A-B371-45EC-A7C5-78DD8EA091B9}.Debug|Any CPU.ActiveCfg = Debug|Any CPU
		{7B3AC69A-B371-45EC-A7C5-78DD8EA091B9}.Debug|Any CPU.Build.0 = Debug|Any CPU
		{7B3AC69A-B371-45EC-A7C5-78DD8EA091B9}.Release|Any CPU.ActiveCfg = Release|Any CPU
		{7B3AC69A-B371-45EC-A7C5-78DD8EA091B9}.Release|Any CPU.Build.0 = Release|Any CPU
		{3EBB541F-9E35-49E7-B721-462504B748E1}.Debug|Any CPU.ActiveCfg = Debug|Any CPU
		{3EBB541F-9E35-49E7-B721-462504B748E1}.Debug|Any CPU.Build.0 = Debug|Any CPU
		{3EBB541F-9E35-49E7-B721-462504B748E1}.Release|Any CPU.ActiveCfg = Release|Any CPU
		{3EBB541F-9E35-49E7-B721-462504B748E1}.Release|Any CPU.Build.0 = Release|Any CPU
		{E2729A00-AAEA-407E-B6B6-548692760C41}.Debug|Any CPU.ActiveCfg = Debug|Any CPU
		{E2729A00-AAEA-407E-B6B6-548692760C41}.Debug|Any CPU.Build.0 = Debug|Any CPU
		{E2729A00-AAEA-407E-B6B6-548692760C41}.Release|Any CPU.ActiveCfg = Release|Any CPU
		{E2729A00-AAEA-407E-B6B6-548692760C41}.Release|Any CPU.Build.0 = Release|Any CPU
		{28305E4E-A927-4530-81FD-C0C100DF0F0D}.Debug|Any CPU.ActiveCfg = Debug|Any CPU
		{28305E4E-A927-4530-81FD-C0C100DF0F0D}.Debug|Any CPU.Build.0 = Debug|Any CPU
		{28305E4E-A927-4530-81FD-C0C100DF0F0D}.Release|Any CPU.ActiveCfg = Release|Any CPU
		{28305E4E-A927-4530-81FD-C0C100DF0F0D}.Release|Any CPU.Build.0 = Release|Any CPU
		{B9375805-25EA-4876-A0B0-A78FAAA68F0D}.Debug|Any CPU.ActiveCfg = Debug|Any CPU
		{B9375805-25EA-4876-A0B0-A78FAAA68F0D}.Debug|Any CPU.Build.0 = Debug|Any CPU
		{B9375805-25EA-4876-A0B0-A78FAAA68F0D}.Release|Any CPU.ActiveCfg = Release|Any CPU
		{B9375805-25EA-4876-A0B0-A78FAAA68F0D}.Release|Any CPU.Build.0 = Release|Any CPU
	EndGlobalSection
	GlobalSection(SolutionProperties) = preSolution
		HideSolutionNode = FALSE
	EndGlobalSection
EndGlobal
